PODS:
  - PayTabsSDK (6.4.1)

DEPENDENCIES:
  - PayTabsSDK (from `/Volumes/Work/PayTabs/paytabs-ios-library-sample`)

EXTERNAL SOURCES:
  PayTabsSDK:
    :path: "/Volumes/Work/PayTabs/paytabs-ios-library-sample"

SPEC CHECKSUMS:
  PayTabsSDK: 1e16b7f10a0e7836fe87ab2821bd46d1a31a2731

PODFILE CHECKSUM: 57bda89c9e2a895f5ad8e7fe137cd642dfdb84c5

COCOAPODS: 1.12.0
