PODS:
  - PayTabsSDK (6.1.9)

DEPENDENCIES:
  - PayTabsSDK (from `/Volumes/Work/PayTabs/paytabs-ios-library-sample`)

EXTERNAL SOURCES:
  PayTabsSDK:
    :path: "/Volumes/Work/PayTabs/paytabs-ios-library-sample"

SPEC CHECKSUMS:
  PayTabsSDK: f06894dc6417b09306290fbbd39604f16334b940

PODFILE CHECKSUM: 4484a5d9f8745996558ccb05c947998af8fe1d48

COCOAPODS: 1.10.1
