PODS:
  - PayTabsSDK (6.1.11)

DEPENDENCIES:
  - PayTabsSDK (from `/Users/amrmagdy/Desktop/SDKFORK`)

EXTERNAL SOURCES:
  PayTabsSDK:
    :path: "/Users/amrmagdy/Desktop/SDKFORK"

SPEC CHECKSUMS:
  PayTabsSDK: 390022ba99c36c7f2a4c52afd3f5bb6523046433

PODFILE CHECKSUM: 53548907e948caab49d11a29c7be55b2136d1759

COCOAPODS: 1.11.2
