// !$*UTF8*$!
{
	archiveVersion = 1;
	classes = {
	};
	objectVersion = 48;
	objects = {

/* Begin PBXBuildFile section */
		5F68D7541F8B56920006C908 /* Info.plist in Resources */ = {isa = PBXBuildFile; fileRef = 5F68D73C1F8B56910006C908 /* Info.plist */; };
		5F68D7551F8B56920006C908 /* AppDelegate+Navigation.swift in Sources */ = {isa = PBXBuildFile; fileRef = 5F68D7401F8B56910006C908 /* AppDelegate+Navigation.swift */; };
		5F68D7561F8B56920006C908 /* AppDelegate.swift in Sources */ = {isa = PBXBuildFile; fileRef = 5F68D7421F8B56910006C908 /* AppDelegate.swift */; };
		5F68D7581F8B56920006C908 /* PTSRLauncherViewController.swift in Sources */ = {isa = PBXBuildFile; fileRef = 5F68D74B1F8B56910006C908 /* PTSRLauncherViewController.swift */; };
		5F68D75A1F8B56920006C908 /* Assets.xcassets in Resources */ = {isa = PBXBuildFile; fileRef = 5F68D7501F8B56910006C908 /* Assets.xcassets */; };
		5F68D75B1F8B56920006C908 /* LaunchScreen.storyboard in Resources */ = {isa = PBXBuildFile; fileRef = 5F68D7521F8B56910006C908 /* LaunchScreen.storyboard */; };
		5F68D7621F8B59500006C908 /* PTSRConstants.swift in Sources */ = {isa = PBXBuildFile; fileRef = 5F68D7611F8B59500006C908 /* PTSRConstants.swift */; };
		5F8187D51F8669CA0056F116 /* sample_runTests.swift in Sources */ = {isa = PBXBuildFile; fileRef = 5F8187D41F8669CA0056F116 /* sample_runTests.swift */; };
		5F8187E01F8669CA0056F116 /* sample_runUITests.swift in Sources */ = {isa = PBXBuildFile; fileRef = 5F8187DF1F8669CA0056F116 /* sample_runUITests.swift */; };
		5F9F48751FA8B4AB00F35ED7 /* ApplicationTextfields.swift in Sources */ = {isa = PBXBuildFile; fileRef = 5F9F48741FA8B4AA00F35ED7 /* ApplicationTextfields.swift */; };
		5FA410E520F2077C0049B485 /* Resources.bundle in Resources */ = {isa = PBXBuildFile; fileRef = 5FA410E420F2077C0049B485 /* Resources.bundle */; };
		5FB064EF1F8DE8B400599309 /* MobileCoreServices.framework in Frameworks */ = {isa = PBXBuildFile; fileRef = 5FB064EE1F8DE8B400599309 /* MobileCoreServices.framework */; };
		5FB065281F8E444900599309 /* PTSRLauncherView.swift in Sources */ = {isa = PBXBuildFile; fileRef = 5FB065271F8E444900599309 /* PTSRLauncherView.swift */; };
		5FB065291F8E466500599309 /* PTSRLauncherView.xib in Resources */ = {isa = PBXBuildFile; fileRef = 5F68D7491F8B56910006C908 /* PTSRLauncherView.xib */; };
		5FB0652A1F8E466600599309 /* PTSRLauncherView.xib in Resources */ = {isa = PBXBuildFile; fileRef = 5F68D7491F8B56910006C908 /* PTSRLauncherView.xib */; };
		5FB0652B1F8E466700599309 /* PTSRLauncherView.xib in Resources */ = {isa = PBXBuildFile; fileRef = 5F68D7491F8B56910006C908 /* PTSRLauncherView.xib */; };
		5FEC385F22B7930500C56A71 /* paytabs-iOS.framework in Frameworks */ = {isa = PBXBuildFile; fileRef = 5FEC385E22B7930500C56A71 /* paytabs-iOS.framework */; };
		743CB2ACF585E1AF11A8865F /* Pods_sample_runUITests.framework in Frameworks */ = {isa = PBXBuildFile; fileRef = AA30FF5FCFEECE3BAA6C0B05 /* Pods_sample_runUITests.framework */; };
		D207F07851B98453B12C19AF /* Pods_sample_run.framework in Frameworks */ = {isa = PBXBuildFile; fileRef = FD20E762BFDA72751D782390 /* Pods_sample_run.framework */; };
		D8183C15448CF148EC806659 /* Pods_sample_runTests.framework in Frameworks */ = {isa = PBXBuildFile; fileRef = BBF3CB85CEB4F81845DF2EEA /* Pods_sample_runTests.framework */; };
/* End PBXBuildFile section */

/* Begin PBXContainerItemProxy section */
		5F8187D11F8669CA0056F116 /* PBXContainerItemProxy */ = {
			isa = PBXContainerItemProxy;
			containerPortal = 5F8187B41F8669C90056F116 /* Project object */;
			proxyType = 1;
			remoteGlobalIDString = 5F8187BB1F8669CA0056F116;
			remoteInfo = "sample-run";
		};
		5F8187DC1F8669CA0056F116 /* PBXContainerItemProxy */ = {
			isa = PBXContainerItemProxy;
			containerPortal = 5F8187B41F8669C90056F116 /* Project object */;
			proxyType = 1;
			remoteGlobalIDString = 5F8187BB1F8669CA0056F116;
			remoteInfo = "sample-run";
		};
/* End PBXContainerItemProxy section */

/* Begin PBXFileReference section */
		1B99D5687543F46F77A7240B /* Pods-sample-runTests.debug.xcconfig */ = {isa = PBXFileReference; includeInIndex = 1; lastKnownFileType = text.xcconfig; name = "Pods-sample-runTests.debug.xcconfig"; path = "Pods/Target Support Files/Pods-sample-runTests/Pods-sample-runTests.debug.xcconfig"; sourceTree = "<group>"; };
		3F9839271188ED5432127258 /* Pods-sample-run.release.xcconfig */ = {isa = PBXFileReference; includeInIndex = 1; lastKnownFileType = text.xcconfig; name = "Pods-sample-run.release.xcconfig"; path = "Pods/Target Support Files/Pods-sample-run/Pods-sample-run.release.xcconfig"; sourceTree = "<group>"; };
		5F68D73C1F8B56910006C908 /* Info.plist */ = {isa = PBXFileReference; fileEncoding = 4; lastKnownFileType = text.plist.xml; path = Info.plist; sourceTree = "<group>"; };
		5F68D7401F8B56910006C908 /* AppDelegate+Navigation.swift */ = {isa = PBXFileReference; fileEncoding = 4; lastKnownFileType = sourcecode.swift; path = "AppDelegate+Navigation.swift"; sourceTree = "<group>"; };
		5F68D7421F8B56910006C908 /* AppDelegate.swift */ = {isa = PBXFileReference; fileEncoding = 4; lastKnownFileType = sourcecode.swift; path = AppDelegate.swift; sourceTree = "<group>"; };
		5F68D7451F8B56910006C908 /* sample-run-Bridging-Header.h */ = {isa = PBXFileReference; fileEncoding = 4; lastKnownFileType = sourcecode.c.h; path = "sample-run-Bridging-Header.h"; sourceTree = "<group>"; };
		5F68D7491F8B56910006C908 /* PTSRLauncherView.xib */ = {isa = PBXFileReference; fileEncoding = 4; lastKnownFileType = file.xib; path = PTSRLauncherView.xib; sourceTree = "<group>"; };
		5F68D74B1F8B56910006C908 /* PTSRLauncherViewController.swift */ = {isa = PBXFileReference; fileEncoding = 4; lastKnownFileType = sourcecode.swift; path = PTSRLauncherViewController.swift; sourceTree = "<group>"; };
		5F68D7501F8B56910006C908 /* Assets.xcassets */ = {isa = PBXFileReference; lastKnownFileType = folder.assetcatalog; path = Assets.xcassets; sourceTree = "<group>"; };
		5F68D7531F8B56910006C908 /* Base */ = {isa = PBXFileReference; lastKnownFileType = file.storyboard; name = Base; path = Base.lproj/LaunchScreen.storyboard; sourceTree = "<group>"; };
		5F68D7611F8B59500006C908 /* PTSRConstants.swift */ = {isa = PBXFileReference; fileEncoding = 4; lastKnownFileType = sourcecode.swift; path = PTSRConstants.swift; sourceTree = "<group>"; };
		5F8187BC1F8669CA0056F116 /* sample-run.app */ = {isa = PBXFileReference; explicitFileType = wrapper.application; includeInIndex = 0; path = "sample-run.app"; sourceTree = BUILT_PRODUCTS_DIR; };
		5F8187D01F8669CA0056F116 /* sample-runTests.xctest */ = {isa = PBXFileReference; explicitFileType = wrapper.cfbundle; includeInIndex = 0; path = "sample-runTests.xctest"; sourceTree = BUILT_PRODUCTS_DIR; };
		5F8187D41F8669CA0056F116 /* sample_runTests.swift */ = {isa = PBXFileReference; lastKnownFileType = sourcecode.swift; path = sample_runTests.swift; sourceTree = "<group>"; };
		5F8187D61F8669CA0056F116 /* Info.plist */ = {isa = PBXFileReference; lastKnownFileType = text.plist.xml; path = Info.plist; sourceTree = "<group>"; };
		5F8187DB1F8669CA0056F116 /* sample-runUITests.xctest */ = {isa = PBXFileReference; explicitFileType = wrapper.cfbundle; includeInIndex = 0; path = "sample-runUITests.xctest"; sourceTree = BUILT_PRODUCTS_DIR; };
		5F8187DF1F8669CA0056F116 /* sample_runUITests.swift */ = {isa = PBXFileReference; lastKnownFileType = sourcecode.swift; path = sample_runUITests.swift; sourceTree = "<group>"; };
		5F8187E11F8669CA0056F116 /* Info.plist */ = {isa = PBXFileReference; lastKnownFileType = text.plist.xml; path = Info.plist; sourceTree = "<group>"; };
		5F9F48741FA8B4AA00F35ED7 /* ApplicationTextfields.swift */ = {isa = PBXFileReference; fileEncoding = 4; lastKnownFileType = sourcecode.swift; path = ApplicationTextfields.swift; sourceTree = "<group>"; };
		5FA410E420F2077C0049B485 /* Resources.bundle */ = {isa = PBXFileReference; lastKnownFileType = "wrapper.plug-in"; path = Resources.bundle; sourceTree = "<group>"; };
		5FB064EE1F8DE8B400599309 /* MobileCoreServices.framework */ = {isa = PBXFileReference; lastKnownFileType = wrapper.framework; name = MobileCoreServices.framework; path = System/Library/Frameworks/MobileCoreServices.framework; sourceTree = SDKROOT; };
		5FB065271F8E444900599309 /* PTSRLauncherView.swift */ = {isa = PBXFileReference; fileEncoding = 4; lastKnownFileType = sourcecode.swift; path = PTSRLauncherView.swift; sourceTree = "<group>"; };
		5FEC385E22B7930500C56A71 /* paytabs-iOS.framework */ = {isa = PBXFileReference; lastKnownFileType = wrapper.framework; path = "paytabs-iOS.framework"; sourceTree = "<group>"; };
		76BDC8437C8F1964309AEF63 /* Pods-sample-run.debug.xcconfig */ = {isa = PBXFileReference; includeInIndex = 1; lastKnownFileType = text.xcconfig; name = "Pods-sample-run.debug.xcconfig"; path = "Pods/Target Support Files/Pods-sample-run/Pods-sample-run.debug.xcconfig"; sourceTree = "<group>"; };
		8046F1F182B7CEABB4B53FDC /* Pods-sample-runTests.release.xcconfig */ = {isa = PBXFileReference; includeInIndex = 1; lastKnownFileType = text.xcconfig; name = "Pods-sample-runTests.release.xcconfig"; path = "Pods/Target Support Files/Pods-sample-runTests/Pods-sample-runTests.release.xcconfig"; sourceTree = "<group>"; };
		8D1DC554D279E2A36F01C71E /* Pods-sample-runUITests.release.xcconfig */ = {isa = PBXFileReference; includeInIndex = 1; lastKnownFileType = text.xcconfig; name = "Pods-sample-runUITests.release.xcconfig"; path = "Pods/Target Support Files/Pods-sample-runUITests/Pods-sample-runUITests.release.xcconfig"; sourceTree = "<group>"; };
		AA30FF5FCFEECE3BAA6C0B05 /* Pods_sample_runUITests.framework */ = {isa = PBXFileReference; explicitFileType = wrapper.framework; includeInIndex = 0; path = Pods_sample_runUITests.framework; sourceTree = BUILT_PRODUCTS_DIR; };
		BBF3CB85CEB4F81845DF2EEA /* Pods_sample_runTests.framework */ = {isa = PBXFileReference; explicitFileType = wrapper.framework; includeInIndex = 0; path = Pods_sample_runTests.framework; sourceTree = BUILT_PRODUCTS_DIR; };
		D239B7E74F8C0E57AFA0E037 /* Pods-sample-runUITests.debug.xcconfig */ = {isa = PBXFileReference; includeInIndex = 1; lastKnownFileType = text.xcconfig; name = "Pods-sample-runUITests.debug.xcconfig"; path = "Pods/Target Support Files/Pods-sample-runUITests/Pods-sample-runUITests.debug.xcconfig"; sourceTree = "<group>"; };
		FD20E762BFDA72751D782390 /* Pods_sample_run.framework */ = {isa = PBXFileReference; explicitFileType = wrapper.framework; includeInIndex = 0; path = Pods_sample_run.framework; sourceTree = BUILT_PRODUCTS_DIR; };
/* End PBXFileReference section */

/* Begin PBXFrameworksBuildPhase section */
		5F8187B91F8669CA0056F116 /* Frameworks */ = {
			isa = PBXFrameworksBuildPhase;
			buildActionMask = 2147483647;
			files = (
				5FEC385F22B7930500C56A71 /* paytabs-iOS.framework in Frameworks */,
				5FB064EF1F8DE8B400599309 /* MobileCoreServices.framework in Frameworks */,
				D207F07851B98453B12C19AF /* Pods_sample_run.framework in Frameworks */,
			);
			runOnlyForDeploymentPostprocessing = 0;
		};
		5F8187CD1F8669CA0056F116 /* Frameworks */ = {
			isa = PBXFrameworksBuildPhase;
			buildActionMask = 2147483647;
			files = (
				D8183C15448CF148EC806659 /* Pods_sample_runTests.framework in Frameworks */,
			);
			runOnlyForDeploymentPostprocessing = 0;
		};
		5F8187D81F8669CA0056F116 /* Frameworks */ = {
			isa = PBXFrameworksBuildPhase;
			buildActionMask = 2147483647;
			files = (
				743CB2ACF585E1AF11A8865F /* Pods_sample_runUITests.framework in Frameworks */,
			);
			runOnlyForDeploymentPostprocessing = 0;
		};
/* End PBXFrameworksBuildPhase section */

/* Begin PBXGroup section */
		5F68D73B1F8B56910006C908 /* ProjectSettings */ = {
			isa = PBXGroup;
			children = (
				5F68D73C1F8B56910006C908 /* Info.plist */,
			);
			path = ProjectSettings;
			sourceTree = "<group>";
		};
		5F68D73D1F8B56910006C908 /* Classes */ = {
			isa = PBXGroup;
			children = (
				5F68D73E1F8B56910006C908 /* AppDelegate */,
				5F68D7431F8B56910006C908 /* Helpers */,
				5F68D7461F8B56910006C908 /* ViewControllers */,
			);
			path = Classes;
			sourceTree = "<group>";
		};
		5F68D73E1F8B56910006C908 /* AppDelegate */ = {
			isa = PBXGroup;
			children = (
				5F68D73F1F8B56910006C908 /* NavigationStack */,
				5F68D7411F8B56910006C908 /* Root */,
			);
			path = AppDelegate;
			sourceTree = "<group>";
		};
		5F68D73F1F8B56910006C908 /* NavigationStack */ = {
			isa = PBXGroup;
			children = (
				5F68D7401F8B56910006C908 /* AppDelegate+Navigation.swift */,
			);
			path = NavigationStack;
			sourceTree = "<group>";
		};
		5F68D7411F8B56910006C908 /* Root */ = {
			isa = PBXGroup;
			children = (
				5F68D7421F8B56910006C908 /* AppDelegate.swift */,
			);
			path = Root;
			sourceTree = "<group>";
		};
		5F68D7431F8B56910006C908 /* Helpers */ = {
			isa = PBXGroup;
			children = (
				5F9F48721FA8B4AA00F35ED7 /* Extensions */,
				5F68D7601F8B58FD0006C908 /* Constants */,
				5F68D7441F8B56910006C908 /* BridgingHeaders */,
			);
			path = Helpers;
			sourceTree = "<group>";
		};
		5F68D7441F8B56910006C908 /* BridgingHeaders */ = {
			isa = PBXGroup;
			children = (
				5F68D7451F8B56910006C908 /* sample-run-Bridging-Header.h */,
			);
			path = BridgingHeaders;
			sourceTree = "<group>";
		};
		5F68D7461F8B56910006C908 /* ViewControllers */ = {
			isa = PBXGroup;
			children = (
				5F68D7471F8B56910006C908 /* Launcher */,
			);
			path = ViewControllers;
			sourceTree = "<group>";
		};
		5F68D7471F8B56910006C908 /* Launcher */ = {
			isa = PBXGroup;
			children = (
				5F68D7481F8B56910006C908 /* View */,
				5F68D74A1F8B56910006C908 /* ViewController */,
			);
			path = Launcher;
			sourceTree = "<group>";
		};
		5F68D7481F8B56910006C908 /* View */ = {
			isa = PBXGroup;
			children = (
				5FB065271F8E444900599309 /* PTSRLauncherView.swift */,
				5F68D7491F8B56910006C908 /* PTSRLauncherView.xib */,
			);
			path = View;
			sourceTree = "<group>";
		};
		5F68D74A1F8B56910006C908 /* ViewController */ = {
			isa = PBXGroup;
			children = (
				5F68D74B1F8B56910006C908 /* PTSRLauncherViewController.swift */,
			);
			path = ViewController;
			sourceTree = "<group>";
		};
		5F68D74C1F8B56910006C908 /* Resources */ = {
			isa = PBXGroup;
			children = (
				5F68D74D1F8B56910006C908 /* FrameworkResources */,
				5F68D74F1F8B56910006C908 /* RootAssetsCatalog */,
				5F68D7511F8B56910006C908 /* Storyboards */,
			);
			path = Resources;
			sourceTree = "<group>";
		};
		5F68D74D1F8B56910006C908 /* FrameworkResources */ = {
			isa = PBXGroup;
			children = (
				5FA410E420F2077C0049B485 /* Resources.bundle */,
			);
			path = FrameworkResources;
			sourceTree = "<group>";
		};
		5F68D74F1F8B56910006C908 /* RootAssetsCatalog */ = {
			isa = PBXGroup;
			children = (
				5F68D7501F8B56910006C908 /* Assets.xcassets */,
			);
			path = RootAssetsCatalog;
			sourceTree = "<group>";
		};
		5F68D7511F8B56910006C908 /* Storyboards */ = {
			isa = PBXGroup;
			children = (
				5F68D7521F8B56910006C908 /* LaunchScreen.storyboard */,
			);
			path = Storyboards;
			sourceTree = "<group>";
		};
		5F68D7601F8B58FD0006C908 /* Constants */ = {
			isa = PBXGroup;
			children = (
				5F68D7611F8B59500006C908 /* PTSRConstants.swift */,
			);
			path = Constants;
			sourceTree = "<group>";
		};
		5F8187B31F8669C90056F116 = {
			isa = PBXGroup;
			children = (
				5F8187BE1F8669CA0056F116 /* sample-run */,
				5F8187D31F8669CA0056F116 /* sample-runTests */,
				5F8187DE1F8669CA0056F116 /* sample-runUITests */,
				5F8187BD1F8669CA0056F116 /* Products */,
				5F8187ED1F8669DE0056F116 /* Frameworks */,
				8EDE81FB3B9C42D46DFEC685 /* Pods */,
			);
			sourceTree = "<group>";
		};
		5F8187BD1F8669CA0056F116 /* Products */ = {
			isa = PBXGroup;
			children = (
				5F8187BC1F8669CA0056F116 /* sample-run.app */,
				5F8187D01F8669CA0056F116 /* sample-runTests.xctest */,
				5F8187DB1F8669CA0056F116 /* sample-runUITests.xctest */,
			);
			name = Products;
			sourceTree = "<group>";
		};
		5F8187BE1F8669CA0056F116 /* sample-run */ = {
			isa = PBXGroup;
			children = (
				5F68D73D1F8B56910006C908 /* Classes */,
				5F68D73B1F8B56910006C908 /* ProjectSettings */,
				5F68D74C1F8B56910006C908 /* Resources */,
			);
			path = "sample-run";
			sourceTree = "<group>";
		};
		5F8187D31F8669CA0056F116 /* sample-runTests */ = {
			isa = PBXGroup;
			children = (
				5F8187D41F8669CA0056F116 /* sample_runTests.swift */,
				5F8187D61F8669CA0056F116 /* Info.plist */,
			);
			path = "sample-runTests";
			sourceTree = "<group>";
		};
		5F8187DE1F8669CA0056F116 /* sample-runUITests */ = {
			isa = PBXGroup;
			children = (
				5F8187DF1F8669CA0056F116 /* sample_runUITests.swift */,
				5F8187E11F8669CA0056F116 /* Info.plist */,
			);
			path = "sample-runUITests";
			sourceTree = "<group>";
		};
		5F8187ED1F8669DE0056F116 /* Frameworks */ = {
			isa = PBXGroup;
			children = (
				5FEC385E22B7930500C56A71 /* paytabs-iOS.framework */,
				5FB064EE1F8DE8B400599309 /* MobileCoreServices.framework */,
				FD20E762BFDA72751D782390 /* Pods_sample_run.framework */,
				BBF3CB85CEB4F81845DF2EEA /* Pods_sample_runTests.framework */,
				AA30FF5FCFEECE3BAA6C0B05 /* Pods_sample_runUITests.framework */,
			);
			name = Frameworks;
			sourceTree = "<group>";
		};
		5F9F48721FA8B4AA00F35ED7 /* Extensions */ = {
			isa = PBXGroup;
			children = (
				5F9F48731FA8B4AA00F35ED7 /* UITextfield */,
			);
			path = Extensions;
			sourceTree = "<group>";
		};
		5F9F48731FA8B4AA00F35ED7 /* UITextfield */ = {
			isa = PBXGroup;
			children = (
				5F9F48741FA8B4AA00F35ED7 /* ApplicationTextfields.swift */,
			);
			path = UITextfield;
			sourceTree = "<group>";
		};
		8EDE81FB3B9C42D46DFEC685 /* Pods */ = {
			isa = PBXGroup;
			children = (
				76BDC8437C8F1964309AEF63 /* Pods-sample-run.debug.xcconfig */,
				3F9839271188ED5432127258 /* Pods-sample-run.release.xcconfig */,
				1B99D5687543F46F77A7240B /* Pods-sample-runTests.debug.xcconfig */,
				8046F1F182B7CEABB4B53FDC /* Pods-sample-runTests.release.xcconfig */,
				D239B7E74F8C0E57AFA0E037 /* Pods-sample-runUITests.debug.xcconfig */,
				8D1DC554D279E2A36F01C71E /* Pods-sample-runUITests.release.xcconfig */,
			);
			name = Pods;
			sourceTree = "<group>";
		};
/* End PBXGroup section */

/* Begin PBXNativeTarget section */
		5F8187BB1F8669CA0056F116 /* sample-run */ = {
			isa = PBXNativeTarget;
			buildConfigurationList = 5F8187E41F8669CA0056F116 /* Build configuration list for PBXNativeTarget "sample-run" */;
			buildPhases = (
				AAFE5C308591E9648F65869D /* [CP] Check Pods Manifest.lock */,
				5F8187B81F8669CA0056F116 /* Sources */,
				5F8187B91F8669CA0056F116 /* Frameworks */,
				5F8187BA1F8669CA0056F116 /* Resources */,
				226FA812A1A3A6C654ECA914 /* [CP] Embed Pods Frameworks */,
				F5BE5EE9492BC6F79A346DE5 /* [CP] Copy Pods Resources */,
			);
			buildRules = (
			);
			dependencies = (
			);
			name = "sample-run";
			productName = "sample-run";
			productReference = 5F8187BC1F8669CA0056F116 /* sample-run.app */;
			productType = "com.apple.product-type.application";
		};
		5F8187CF1F8669CA0056F116 /* sample-runTests */ = {
			isa = PBXNativeTarget;
			buildConfigurationList = 5F8187E71F8669CA0056F116 /* Build configuration list for PBXNativeTarget "sample-runTests" */;
			buildPhases = (
				1FEF4F33CFBD4E1A0924C569 /* [CP] Check Pods Manifest.lock */,
				5F8187CC1F8669CA0056F116 /* Sources */,
				5F8187CD1F8669CA0056F116 /* Frameworks */,
				5F8187CE1F8669CA0056F116 /* Resources */,
				F4B684D6F17F23F437543FFA /* [CP] Embed Pods Frameworks */,
				98FF33032183D62F1239DF38 /* [CP] Copy Pods Resources */,
			);
			buildRules = (
			);
			dependencies = (
				5F8187D21F8669CA0056F116 /* PBXTargetDependency */,
			);
			name = "sample-runTests";
			productName = "sample-runTests";
			productReference = 5F8187D01F8669CA0056F116 /* sample-runTests.xctest */;
			productType = "com.apple.product-type.bundle.unit-test";
		};
		5F8187DA1F8669CA0056F116 /* sample-runUITests */ = {
			isa = PBXNativeTarget;
			buildConfigurationList = 5F8187EA1F8669CA0056F116 /* Build configuration list for PBXNativeTarget "sample-runUITests" */;
			buildPhases = (
				068260F456FEFE1CEEA897E1 /* [CP] Check Pods Manifest.lock */,
				5F8187D71F8669CA0056F116 /* Sources */,
				5F8187D81F8669CA0056F116 /* Frameworks */,
				5F8187D91F8669CA0056F116 /* Resources */,
				CD8BB66DA77864D40C839E49 /* [CP] Embed Pods Frameworks */,
				DEDB36584C9862AB835D177A /* [CP] Copy Pods Resources */,
			);
			buildRules = (
			);
			dependencies = (
				5F8187DD1F8669CA0056F116 /* PBXTargetDependency */,
			);
			name = "sample-runUITests";
			productName = "sample-runUITests";
			productReference = 5F8187DB1F8669CA0056F116 /* sample-runUITests.xctest */;
			productType = "com.apple.product-type.bundle.ui-testing";
		};
/* End PBXNativeTarget section */

/* Begin PBXProject section */
		5F8187B41F8669C90056F116 /* Project object */ = {
			isa = PBXProject;
			attributes = {
				LastSwiftUpdateCheck = 0900;
				LastUpgradeCheck = 0900;
				ORGANIZATIONNAME = "PayTabs LLC";
				TargetAttributes = {
					5F8187BB1F8669CA0056F116 = {
						CreatedOnToolsVersion = 9.0;
						LastSwiftMigration = 0900;
						ProvisioningStyle = Automatic;
					};
					5F8187CF1F8669CA0056F116 = {
						CreatedOnToolsVersion = 9.0;
						ProvisioningStyle = Automatic;
						TestTargetID = 5F8187BB1F8669CA0056F116;
					};
					5F8187DA1F8669CA0056F116 = {
						CreatedOnToolsVersion = 9.0;
						ProvisioningStyle = Automatic;
						TestTargetID = 5F8187BB1F8669CA0056F116;
					};
				};
			};
			buildConfigurationList = 5F8187B71F8669C90056F116 /* Build configuration list for PBXProject "sample-run" */;
			compatibilityVersion = "Xcode 8.0";
			developmentRegion = en;
			hasScannedForEncodings = 0;
			knownRegions = (
				en,
				Base,
			);
			mainGroup = 5F8187B31F8669C90056F116;
			productRefGroup = 5F8187BD1F8669CA0056F116 /* Products */;
			projectDirPath = "";
			projectRoot = "";
			targets = (
				5F8187BB1F8669CA0056F116 /* sample-run */,
				5F8187CF1F8669CA0056F116 /* sample-runTests */,
				5F8187DA1F8669CA0056F116 /* sample-runUITests */,
			);
		};
/* End PBXProject section */

/* Begin PBXResourcesBuildPhase section */
		5F8187BA1F8669CA0056F116 /* Resources */ = {
			isa = PBXResourcesBuildPhase;
			buildActionMask = 2147483647;
			files = (
				5FB0652A1F8E466600599309 /* PTSRLauncherView.xib in Resources */,
				5FA410E520F2077C0049B485 /* Resources.bundle in Resources */,
				5F68D75A1F8B56920006C908 /* Assets.xcassets in Resources */,
				5F68D75B1F8B56920006C908 /* LaunchScreen.storyboard in Resources */,
				5F68D7541F8B56920006C908 /* Info.plist in Resources */,
			);
			runOnlyForDeploymentPostprocessing = 0;
		};
		5F8187CE1F8669CA0056F116 /* Resources */ = {
			isa = PBXResourcesBuildPhase;
			buildActionMask = 2147483647;
			files = (
				5FB065291F8E466500599309 /* PTSRLauncherView.xib in Resources */,
			);
			runOnlyForDeploymentPostprocessing = 0;
		};
		5F8187D91F8669CA0056F116 /* Resources */ = {
			isa = PBXResourcesBuildPhase;
			buildActionMask = 2147483647;
			files = (
				5FB0652B1F8E466700599309 /* PTSRLauncherView.xib in Resources */,
			);
			runOnlyForDeploymentPostprocessing = 0;
		};
/* End PBXResourcesBuildPhase section */

/* Begin PBXShellScriptBuildPhase section */
		068260F456FEFE1CEEA897E1 /* [CP] Check Pods Manifest.lock */ = {
			isa = PBXShellScriptBuildPhase;
			buildActionMask = 2147483647;
			files = (
			);
			inputPaths = (
				"${PODS_PODFILE_DIR_PATH}/Podfile.lock",
				"${PODS_ROOT}/Manifest.lock",
			);
			name = "[CP] Check Pods Manifest.lock";
			outputPaths = (
				"$(DERIVED_FILE_DIR)/Pods-sample-runUITests-checkManifestLockResult.txt",
			);
			runOnlyForDeploymentPostprocessing = 0;
			shellPath = /bin/sh;
			shellScript = "diff \"${PODS_PODFILE_DIR_PATH}/Podfile.lock\" \"${PODS_ROOT}/Manifest.lock\" > /dev/null\nif [ $? != 0 ] ; then\n    # print error to STDERR\n    echo \"error: The sandbox is not in sync with the Podfile.lock. Run 'pod install' or update your CocoaPods installation.\" >&2\n    exit 1\nfi\n# This output is used by Xcode 'outputs' to avoid re-running this script phase.\necho \"SUCCESS\" > \"${SCRIPT_OUTPUT_FILE_0}\"\n";
			showEnvVarsInLog = 0;
		};
		1FEF4F33CFBD4E1A0924C569 /* [CP] Check Pods Manifest.lock */ = {
			isa = PBXShellScriptBuildPhase;
			buildActionMask = 2147483647;
			files = (
			);
			inputPaths = (
				"${PODS_PODFILE_DIR_PATH}/Podfile.lock",
				"${PODS_ROOT}/Manifest.lock",
			);
			name = "[CP] Check Pods Manifest.lock";
			outputPaths = (
				"$(DERIVED_FILE_DIR)/Pods-sample-runTests-checkManifestLockResult.txt",
			);
			runOnlyForDeploymentPostprocessing = 0;
			shellPath = /bin/sh;
			shellScript = "diff \"${PODS_PODFILE_DIR_PATH}/Podfile.lock\" \"${PODS_ROOT}/Manifest.lock\" > /dev/null\nif [ $? != 0 ] ; then\n    # print error to STDERR\n    echo \"error: The sandbox is not in sync with the Podfile.lock. Run 'pod install' or update your CocoaPods installation.\" >&2\n    exit 1\nfi\n# This output is used by Xcode 'outputs' to avoid re-running this script phase.\necho \"SUCCESS\" > \"${SCRIPT_OUTPUT_FILE_0}\"\n";
			showEnvVarsInLog = 0;
		};
		226FA812A1A3A6C654ECA914 /* [CP] Embed Pods Frameworks */ = {
			isa = PBXShellScriptBuildPhase;
			buildActionMask = 2147483647;
			files = (
			);
			inputPaths = (
				"${SRCROOT}/Pods/Target Support Files/Pods-sample-run/Pods-sample-run-frameworks.sh",
				"${BUILT_PRODUCTS_DIR}/AFNetworking/AFNetworking.framework",
				"${BUILT_PRODUCTS_DIR}/BIObjCHelpers/BIObjCHelpers.framework",
				"${BUILT_PRODUCTS_DIR}/DGActivityIndicatorView/DGActivityIndicatorView.framework",
				"${BUILT_PRODUCTS_DIR}/IQKeyboardManager/IQKeyboardManager.framework",
				"${BUILT_PRODUCTS_DIR}/Lockbox/Lockbox.framework",
				"${BUILT_PRODUCTS_DIR}/Mantle/Mantle.framework",
				"${BUILT_PRODUCTS_DIR}/PINCache/PINCache.framework",
				"${BUILT_PRODUCTS_DIR}/Reachability/Reachability.framework",
				"${BUILT_PRODUCTS_DIR}/SBJson/SBJson.framework",
				"${BUILT_PRODUCTS_DIR}/SDWebImage/SDWebImage.framework",
				"${BUILT_PRODUCTS_DIR}/YLGIFImage/YLGIFImage.framework",
			);
			name = "[CP] Embed Pods Frameworks";
			outputPaths = (
				"${TARGET_BUILD_DIR}/${FRAMEWORKS_FOLDER_PATH}/AFNetworking.framework",
				"${TARGET_BUILD_DIR}/${FRAMEWORKS_FOLDER_PATH}/BIObjCHelpers.framework",
				"${TARGET_BUILD_DIR}/${FRAMEWORKS_FOLDER_PATH}/DGActivityIndicatorView.framework",
				"${TARGET_BUILD_DIR}/${FRAMEWORKS_FOLDER_PATH}/IQKeyboardManager.framework",
				"${TARGET_BUILD_DIR}/${FRAMEWORKS_FOLDER_PATH}/Lockbox.framework",
				"${TARGET_BUILD_DIR}/${FRAMEWORKS_FOLDER_PATH}/Mantle.framework",
				"${TARGET_BUILD_DIR}/${FRAMEWORKS_FOLDER_PATH}/PINCache.framework",
				"${TARGET_BUILD_DIR}/${FRAMEWORKS_FOLDER_PATH}/Reachability.framework",
				"${TARGET_BUILD_DIR}/${FRAMEWORKS_FOLDER_PATH}/SBJson.framework",
				"${TARGET_BUILD_DIR}/${FRAMEWORKS_FOLDER_PATH}/SDWebImage.framework",
				"${TARGET_BUILD_DIR}/${FRAMEWORKS_FOLDER_PATH}/YLGIFImage.framework",
			);
			runOnlyForDeploymentPostprocessing = 0;
			shellPath = /bin/sh;
			shellScript = "\"${SRCROOT}/Pods/Target Support Files/Pods-sample-run/Pods-sample-run-frameworks.sh\"\n";
			showEnvVarsInLog = 0;
		};
		98FF33032183D62F1239DF38 /* [CP] Copy Pods Resources */ = {
			isa = PBXShellScriptBuildPhase;
			buildActionMask = 2147483647;
			files = (
			);
			inputPaths = (
			);
			name = "[CP] Copy Pods Resources";
			outputPaths = (
			);
			runOnlyForDeploymentPostprocessing = 0;
			shellPath = /bin/sh;
			shellScript = "\"${SRCROOT}/Pods/Target Support Files/Pods-sample-runTests/Pods-sample-runTests-resources.sh\"\n";
			showEnvVarsInLog = 0;
		};
		AAFE5C308591E9648F65869D /* [CP] Check Pods Manifest.lock */ = {
			isa = PBXShellScriptBuildPhase;
			buildActionMask = 2147483647;
			files = (
			);
			inputPaths = (
				"${PODS_PODFILE_DIR_PATH}/Podfile.lock",
				"${PODS_ROOT}/Manifest.lock",
			);
			name = "[CP] Check Pods Manifest.lock";
			outputPaths = (
				"$(DERIVED_FILE_DIR)/Pods-sample-run-checkManifestLockResult.txt",
			);
			runOnlyForDeploymentPostprocessing = 0;
			shellPath = /bin/sh;
			shellScript = "diff \"${PODS_PODFILE_DIR_PATH}/Podfile.lock\" \"${PODS_ROOT}/Manifest.lock\" > /dev/null\nif [ $? != 0 ] ; then\n    # print error to STDERR\n    echo \"error: The sandbox is not in sync with the Podfile.lock. Run 'pod install' or update your CocoaPods installation.\" >&2\n    exit 1\nfi\n# This output is used by Xcode 'outputs' to avoid re-running this script phase.\necho \"SUCCESS\" > \"${SCRIPT_OUTPUT_FILE_0}\"\n";
			showEnvVarsInLog = 0;
		};
		CD8BB66DA77864D40C839E49 /* [CP] Embed Pods Frameworks */ = {
			isa = PBXShellScriptBuildPhase;
			buildActionMask = 2147483647;
			files = (
			);
			inputPaths = (
				"${SRCROOT}/Pods/Target Support Files/Pods-sample-runUITests/Pods-sample-runUITests-frameworks.sh",
				"${BUILT_PRODUCTS_DIR}/Reachability/Reachability.framework",
			);
			name = "[CP] Embed Pods Frameworks";
			outputPaths = (
				"${TARGET_BUILD_DIR}/${FRAMEWORKS_FOLDER_PATH}/Reachability.framework",
			);
			runOnlyForDeploymentPostprocessing = 0;
			shellPath = /bin/sh;
			shellScript = "\"${SRCROOT}/Pods/Target Support Files/Pods-sample-runUITests/Pods-sample-runUITests-frameworks.sh\"\n";
			showEnvVarsInLog = 0;
		};
		DEDB36584C9862AB835D177A /* [CP] Copy Pods Resources */ = {
			isa = PBXShellScriptBuildPhase;
			buildActionMask = 2147483647;
			files = (
			);
			inputPaths = (
			);
			name = "[CP] Copy Pods Resources";
			outputPaths = (
			);
			runOnlyForDeploymentPostprocessing = 0;
			shellPath = /bin/sh;
			shellScript = "\"${SRCROOT}/Pods/Target Support Files/Pods-sample-runUITests/Pods-sample-runUITests-resources.sh\"\n";
			showEnvVarsInLog = 0;
		};
		F4B684D6F17F23F437543FFA /* [CP] Embed Pods Frameworks */ = {
			isa = PBXShellScriptBuildPhase;
			buildActionMask = 2147483647;
			files = (
			);
			inputPaths = (
				"${SRCROOT}/Pods/Target Support Files/Pods-sample-runTests/Pods-sample-runTests-frameworks.sh",
				"${BUILT_PRODUCTS_DIR}/Reachability/Reachability.framework",
			);
			name = "[CP] Embed Pods Frameworks";
			outputPaths = (
				"${TARGET_BUILD_DIR}/${FRAMEWORKS_FOLDER_PATH}/Reachability.framework",
			);
			runOnlyForDeploymentPostprocessing = 0;
			shellPath = /bin/sh;
			shellScript = "\"${SRCROOT}/Pods/Target Support Files/Pods-sample-runTests/Pods-sample-runTests-frameworks.sh\"\n";
			showEnvVarsInLog = 0;
		};
		F5BE5EE9492BC6F79A346DE5 /* [CP] Copy Pods Resources */ = {
			isa = PBXShellScriptBuildPhase;
			buildActionMask = 2147483647;
			files = (
			);
			inputPaths = (
				"${SRCROOT}/Pods/Target Support Files/Pods-sample-run/Pods-sample-run-resources.sh",
				"${PODS_ROOT}/IQKeyboardManager/IQKeyboardManager/Resources/IQKeyboardManager.bundle",
			);
			name = "[CP] Copy Pods Resources";
			outputPaths = (
				"${TARGET_BUILD_DIR}/${UNLOCALIZED_RESOURCES_FOLDER_PATH}",
			);
			runOnlyForDeploymentPostprocessing = 0;
			shellPath = /bin/sh;
			shellScript = "\"${SRCROOT}/Pods/Target Support Files/Pods-sample-run/Pods-sample-run-resources.sh\"\n";
			showEnvVarsInLog = 0;
		};
/* End PBXShellScriptBuildPhase section */

/* Begin PBXSourcesBuildPhase section */
		5F8187B81F8669CA0056F116 /* Sources */ = {
			isa = PBXSourcesBuildPhase;
			buildActionMask = 2147483647;
			files = (
				5F9F48751FA8B4AB00F35ED7 /* ApplicationTextfields.swift in Sources */,
				5F68D7621F8B59500006C908 /* PTSRConstants.swift in Sources */,
				5F68D7581F8B56920006C908 /* PTSRLauncherViewController.swift in Sources */,
				5F68D7561F8B56920006C908 /* AppDelegate.swift in Sources */,
				5F68D7551F8B56920006C908 /* AppDelegate+Navigation.swift in Sources */,
				5FB065281F8E444900599309 /* PTSRLauncherView.swift in Sources */,
			);
			runOnlyForDeploymentPostprocessing = 0;
		};
		5F8187CC1F8669CA0056F116 /* Sources */ = {
			isa = PBXSourcesBuildPhase;
			buildActionMask = 2147483647;
			files = (
				5F8187D51F8669CA0056F116 /* sample_runTests.swift in Sources */,
			);
			runOnlyForDeploymentPostprocessing = 0;
		};
		5F8187D71F8669CA0056F116 /* Sources */ = {
			isa = PBXSourcesBuildPhase;
			buildActionMask = 2147483647;
			files = (
				5F8187E01F8669CA0056F116 /* sample_runUITests.swift in Sources */,
			);
			runOnlyForDeploymentPostprocessing = 0;
		};
/* End PBXSourcesBuildPhase section */

/* Begin PBXTargetDependency section */
		5F8187D21F8669CA0056F116 /* PBXTargetDependency */ = {
			isa = PBXTargetDependency;
			target = 5F8187BB1F8669CA0056F116 /* sample-run */;
			targetProxy = 5F8187D11F8669CA0056F116 /* PBXContainerItemProxy */;
		};
		5F8187DD1F8669CA0056F116 /* PBXTargetDependency */ = {
			isa = PBXTargetDependency;
			target = 5F8187BB1F8669CA0056F116 /* sample-run */;
			targetProxy = 5F8187DC1F8669CA0056F116 /* PBXContainerItemProxy */;
		};
/* End PBXTargetDependency section */

/* Begin PBXVariantGroup section */
		5F68D7521F8B56910006C908 /* LaunchScreen.storyboard */ = {
			isa = PBXVariantGroup;
			children = (
				5F68D7531F8B56910006C908 /* Base */,
			);
			name = LaunchScreen.storyboard;
			sourceTree = "<group>";
		};
/* End PBXVariantGroup section */

/* Begin XCBuildConfiguration section */
		5F8187E21F8669CA0056F116 /* Debug */ = {
			isa = XCBuildConfiguration;
			buildSettings = {
				ALWAYS_SEARCH_USER_PATHS = NO;
				CLANG_ANALYZER_NONNULL = YES;
				CLANG_ANALYZER_NUMBER_OBJECT_CONVERSION = YES_AGGRESSIVE;
				CLANG_CXX_LANGUAGE_STANDARD = "gnu++14";
				CLANG_CXX_LIBRARY = "libc++";
				CLANG_ENABLE_MODULES = YES;
				CLANG_ENABLE_OBJC_ARC = YES;
				CLANG_WARN_BLOCK_CAPTURE_AUTORELEASING = YES;
				CLANG_WARN_BOOL_CONVERSION = YES;
				CLANG_WARN_COMMA = YES;
				CLANG_WARN_CONSTANT_CONVERSION = YES;
				CLANG_WARN_DIRECT_OBJC_ISA_USAGE = YES_ERROR;
				CLANG_WARN_DOCUMENTATION_COMMENTS = YES;
				CLANG_WARN_EMPTY_BODY = YES;
				CLANG_WARN_ENUM_CONVERSION = YES;
				CLANG_WARN_INFINITE_RECURSION = YES;
				CLANG_WARN_INT_CONVERSION = YES;
				CLANG_WARN_NON_LITERAL_NULL_CONVERSION = YES;
				CLANG_WARN_OBJC_LITERAL_CONVERSION = YES;
				CLANG_WARN_OBJC_ROOT_CLASS = YES_ERROR;
				CLANG_WARN_RANGE_LOOP_ANALYSIS = YES;
				CLANG_WARN_STRICT_PROTOTYPES = YES;
				CLANG_WARN_SUSPICIOUS_MOVE = YES;
				CLANG_WARN_UNGUARDED_AVAILABILITY = YES_AGGRESSIVE;
				CLANG_WARN_UNREACHABLE_CODE = YES;
				CLANG_WARN__DUPLICATE_METHOD_MATCH = YES;
				CODE_SIGN_IDENTITY = "iPhone Developer";
				COPY_PHASE_STRIP = NO;
				DEBUG_INFORMATION_FORMAT = dwarf;
				ENABLE_BITCODE = NO;
				ENABLE_STRICT_OBJC_MSGSEND = YES;
				ENABLE_TESTABILITY = YES;
				GCC_C_LANGUAGE_STANDARD = gnu11;
				GCC_DYNAMIC_NO_PIC = NO;
				GCC_NO_COMMON_BLOCKS = YES;
				GCC_OPTIMIZATION_LEVEL = 0;
				GCC_PREPROCESSOR_DEFINITIONS = (
					"DEBUG=1",
					"$(inherited)",
				);
				GCC_WARN_64_TO_32_BIT_CONVERSION = YES;
				GCC_WARN_ABOUT_RETURN_TYPE = YES_ERROR;
				GCC_WARN_UNDECLARED_SELECTOR = YES;
				GCC_WARN_UNINITIALIZED_AUTOS = YES_AGGRESSIVE;
				GCC_WARN_UNUSED_FUNCTION = YES;
				GCC_WARN_UNUSED_VARIABLE = YES;
				IPHONEOS_DEPLOYMENT_TARGET = 11.0;
				MTL_ENABLE_DEBUG_INFO = YES;
				ONLY_ACTIVE_ARCH = YES;
				SDKROOT = iphoneos;
				SWIFT_ACTIVE_COMPILATION_CONDITIONS = DEBUG;
				SWIFT_OBJC_BRIDGING_HEADER = "";
				SWIFT_OPTIMIZATION_LEVEL = "-Onone";
			};
			name = Debug;
		};
		5F8187E31F8669CA0056F116 /* Release */ = {
			isa = XCBuildConfiguration;
			buildSettings = {
				ALWAYS_SEARCH_USER_PATHS = NO;
				CLANG_ANALYZER_NONNULL = YES;
				CLANG_ANALYZER_NUMBER_OBJECT_CONVERSION = YES_AGGRESSIVE;
				CLANG_CXX_LANGUAGE_STANDARD = "gnu++14";
				CLANG_CXX_LIBRARY = "libc++";
				CLANG_ENABLE_MODULES = YES;
				CLANG_ENABLE_OBJC_ARC = YES;
				CLANG_WARN_BLOCK_CAPTURE_AUTORELEASING = YES;
				CLANG_WARN_BOOL_CONVERSION = YES;
				CLANG_WARN_COMMA = YES;
				CLANG_WARN_CONSTANT_CONVERSION = YES;
				CLANG_WARN_DIRECT_OBJC_ISA_USAGE = YES_ERROR;
				CLANG_WARN_DOCUMENTATION_COMMENTS = YES;
				CLANG_WARN_EMPTY_BODY = YES;
				CLANG_WARN_ENUM_CONVERSION = YES;
				CLANG_WARN_INFINITE_RECURSION = YES;
				CLANG_WARN_INT_CONVERSION = YES;
				CLANG_WARN_NON_LITERAL_NULL_CONVERSION = YES;
				CLANG_WARN_OBJC_LITERAL_CONVERSION = YES;
				CLANG_WARN_OBJC_ROOT_CLASS = YES_ERROR;
				CLANG_WARN_RANGE_LOOP_ANALYSIS = YES;
				CLANG_WARN_STRICT_PROTOTYPES = YES;
				CLANG_WARN_SUSPICIOUS_MOVE = YES;
				CLANG_WARN_UNGUARDED_AVAILABILITY = YES_AGGRESSIVE;
				CLANG_WARN_UNREACHABLE_CODE = YES;
				CLANG_WARN__DUPLICATE_METHOD_MATCH = YES;
				CODE_SIGN_IDENTITY = "iPhone Developer";
				COPY_PHASE_STRIP = NO;
				DEBUG_INFORMATION_FORMAT = "dwarf-with-dsym";
				ENABLE_BITCODE = NO;
				ENABLE_NS_ASSERTIONS = NO;
				ENABLE_STRICT_OBJC_MSGSEND = YES;
				GCC_C_LANGUAGE_STANDARD = gnu11;
				GCC_NO_COMMON_BLOCKS = YES;
				GCC_WARN_64_TO_32_BIT_CONVERSION = YES;
				GCC_WARN_ABOUT_RETURN_TYPE = YES_ERROR;
				GCC_WARN_UNDECLARED_SELECTOR = YES;
				GCC_WARN_UNINITIALIZED_AUTOS = YES_AGGRESSIVE;
				GCC_WARN_UNUSED_FUNCTION = YES;
				GCC_WARN_UNUSED_VARIABLE = YES;
				IPHONEOS_DEPLOYMENT_TARGET = 11.0;
				MTL_ENABLE_DEBUG_INFO = NO;
				SDKROOT = iphoneos;
				SWIFT_OBJC_BRIDGING_HEADER = "";
				SWIFT_OPTIMIZATION_LEVEL = "-Owholemodule";
				VALIDATE_PRODUCT = YES;
			};
			name = Release;
		};
		5F8187E51F8669CA0056F116 /* Debug */ = {
			isa = XCBuildConfiguration;
			baseConfigurationReference = 76BDC8437C8F1964309AEF63 /* Pods-sample-run.debug.xcconfig */;
			buildSettings = {
				ASSETCATALOG_COMPILER_APPICON_NAME = AppIcon;
				CLANG_ENABLE_MODULES = YES;
				CODE_SIGN_IDENTITY = "iPhone Developer";
				CODE_SIGN_STYLE = Automatic;
				DEVELOPMENT_TEAM = R2NWF5B7RH;
				ENABLE_BITCODE = NO;
				FRAMEWORK_SEARCH_PATHS = (
					"$(inherited)",
					"$(PROJECT_DIR)",
				);
				GCC_PREFIX_HEADER = "";
				INFOPLIST_FILE = "$(SRCROOT)/sample-run/ProjectSettings/Info.plist";
				IPHONEOS_DEPLOYMENT_TARGET = 9.0;
				LD_RUNPATH_SEARCH_PATHS = "$(inherited) @executable_path/Frameworks";
				ONLY_ACTIVE_ARCH = YES;
				OTHER_LDFLAGS = (
					"$(inherited)",
					"-framework",
					"\"AFNetworking\"",
					"-framework",
					"\"BIObjCHelpers\"",
					"-framework",
					"\"DGActivityIndicatorView\"",
					"-framework",
					"\"IQKeyboardManager\"",
					"-framework",
					"\"Lockbox\"",
					"-framework",
					"\"Mantle\"",
					"-framework",
					"\"PINCache\"",
					"-framework",
					"\"Reachability\"",
					"-framework",
					"\"SBJson\"",
					"-framework",
					"\"SDWebImage\"",
					"-framework",
					"\"YLGIFImage\"",
					"-all_load",
					"-ObjC",
				);
				PRODUCT_BUNDLE_IDENTIFIER = com.paytabs.sampledev;
				PRODUCT_NAME = "$(TARGET_NAME)";
				PROVISIONING_PROFILE_SPECIFIER = "";
				SWIFT_OBJC_BRIDGING_HEADER = "/Users/humayun/Documents/Hammy/Projects/iOS/SDKs/New/Samples/sample-run/sample-run/Classes/Helpers/BridgingHeaders/sample-run-Bridging-Header.h";
				SWIFT_OPTIMIZATION_LEVEL = "-Onone";
				SWIFT_PRECOMPILE_BRIDGING_HEADER = YES;
				SWIFT_VERSION = 4.0;
				TARGETED_DEVICE_FAMILY = "1,2";
				USER_HEADER_SEARCH_PATHS = "Pods/**";
			};
			name = Debug;
		};
		5F8187E61F8669CA0056F116 /* Release */ = {
			isa = XCBuildConfiguration;
			baseConfigurationReference = 3F9839271188ED5432127258 /* Pods-sample-run.release.xcconfig */;
			buildSettings = {
				ASSETCATALOG_COMPILER_APPICON_NAME = AppIcon;
				CLANG_ENABLE_MODULES = YES;
				CODE_SIGN_IDENTITY = "iPhone Developer";
				CODE_SIGN_STYLE = Automatic;
				DEVELOPMENT_TEAM = R2NWF5B7RH;
				ENABLE_BITCODE = NO;
				FRAMEWORK_SEARCH_PATHS = (
					"$(inherited)",
					"$(PROJECT_DIR)",
				);
				GCC_PREFIX_HEADER = "";
				INFOPLIST_FILE = "$(SRCROOT)/sample-run/ProjectSettings/Info.plist";
				IPHONEOS_DEPLOYMENT_TARGET = 9.0;
				LD_RUNPATH_SEARCH_PATHS = "$(inherited) @executable_path/Frameworks";
				ONLY_ACTIVE_ARCH = NO;
				OTHER_LDFLAGS = (
					"$(inherited)",
					"-framework",
					"\"AFNetworking\"",
					"-framework",
					"\"BIObjCHelpers\"",
					"-framework",
					"\"DGActivityIndicatorView\"",
					"-framework",
					"\"IQKeyboardManager\"",
					"-framework",
					"\"Lockbox\"",
					"-framework",
					"\"Mantle\"",
					"-framework",
					"\"PINCache\"",
					"-framework",
					"\"Reachability\"",
					"-framework",
					"\"SBJson\"",
					"-framework",
					"\"SDWebImage\"",
					"-framework",
					"\"YLGIFImage\"",
					"-all_load",
					"-ObjC",
				);
				PRODUCT_BUNDLE_IDENTIFIER = com.paytabs.sampledev;
				PRODUCT_NAME = "$(TARGET_NAME)";
				PROVISIONING_PROFILE_SPECIFIER = "";
				SWIFT_OBJC_BRIDGING_HEADER = "/Users/humayun/Documents/Hammy/Projects/iOS/SDKs/New/Samples/sample-run/sample-run/Classes/Helpers/BridgingHeaders/sample-run-Bridging-Header.h";
				SWIFT_PRECOMPILE_BRIDGING_HEADER = YES;
				SWIFT_VERSION = 4.0;
				TARGETED_DEVICE_FAMILY = "1,2";
				USER_HEADER_SEARCH_PATHS = "Pods/**";
			};
			name = Release;
		};
		5F8187E81F8669CA0056F116 /* Debug */ = {
			isa = XCBuildConfiguration;
			baseConfigurationReference = 1B99D5687543F46F77A7240B /* Pods-sample-runTests.debug.xcconfig */;
			buildSettings = {
				ALWAYS_EMBED_SWIFT_STANDARD_LIBRARIES = YES;
				BUNDLE_LOADER = "$(TEST_HOST)";
				CODE_SIGN_STYLE = Automatic;
				ENABLE_BITCODE = NO;
				FRAMEWORK_SEARCH_PATHS = (
					"$(inherited)",
					"$(PROJECT_DIR)",
				);
				INFOPLIST_FILE = "sample-runTests/Info.plist";
				LD_RUNPATH_SEARCH_PATHS = "$(inherited) @executable_path/Frameworks @loader_path/Frameworks";
				PRODUCT_BUNDLE_IDENTIFIER = "com.paytabs.sample-runTests";
				PRODUCT_NAME = "$(TARGET_NAME)";
				SWIFT_VERSION = 4.0;
				TARGETED_DEVICE_FAMILY = "1,2";
				TEST_HOST = "$(BUILT_PRODUCTS_DIR)/sample-run.app/sample-run";
			};
			name = Debug;
		};
		5F8187E91F8669CA0056F116 /* Release */ = {
			isa = XCBuildConfiguration;
			baseConfigurationReference = 8046F1F182B7CEABB4B53FDC /* Pods-sample-runTests.release.xcconfig */;
			buildSettings = {
				ALWAYS_EMBED_SWIFT_STANDARD_LIBRARIES = YES;
				BUNDLE_LOADER = "$(TEST_HOST)";
				CODE_SIGN_STYLE = Automatic;
				ENABLE_BITCODE = NO;
				FRAMEWORK_SEARCH_PATHS = (
					"$(inherited)",
					"$(PROJECT_DIR)",
				);
				INFOPLIST_FILE = "sample-runTests/Info.plist";
				LD_RUNPATH_SEARCH_PATHS = "$(inherited) @executable_path/Frameworks @loader_path/Frameworks";
				PRODUCT_BUNDLE_IDENTIFIER = "com.paytabs.sample-runTests";
				PRODUCT_NAME = "$(TARGET_NAME)";
				SWIFT_VERSION = 4.0;
				TARGETED_DEVICE_FAMILY = "1,2";
				TEST_HOST = "$(BUILT_PRODUCTS_DIR)/sample-run.app/sample-run";
			};
			name = Release;
		};
		5F8187EB1F8669CA0056F116 /* Debug */ = {
			isa = XCBuildConfiguration;
			baseConfigurationReference = D239B7E74F8C0E57AFA0E037 /* Pods-sample-runUITests.debug.xcconfig */;
			buildSettings = {
				ALWAYS_EMBED_SWIFT_STANDARD_LIBRARIES = YES;
				CODE_SIGN_STYLE = Automatic;
				ENABLE_BITCODE = NO;
				FRAMEWORK_SEARCH_PATHS = (
					"$(inherited)",
					"$(PROJECT_DIR)",
				);
				INFOPLIST_FILE = "sample-runUITests/Info.plist";
				LD_RUNPATH_SEARCH_PATHS = "$(inherited) @executable_path/Frameworks @loader_path/Frameworks";
				PRODUCT_BUNDLE_IDENTIFIER = "com.paytabs.sample-runUITests";
				PRODUCT_NAME = "$(TARGET_NAME)";
				SWIFT_VERSION = 4.0;
				TARGETED_DEVICE_FAMILY = "1,2";
				TEST_TARGET_NAME = "sample-run";
			};
			name = Debug;
		};
		5F8187EC1F8669CA0056F116 /* Release */ = {
			isa = XCBuildConfiguration;
			baseConfigurationReference = 8D1DC554D279E2A36F01C71E /* Pods-sample-runUITests.release.xcconfig */;
			buildSettings = {
				ALWAYS_EMBED_SWIFT_STANDARD_LIBRARIES = YES;
				CODE_SIGN_STYLE = Automatic;
				ENABLE_BITCODE = NO;
				FRAMEWORK_SEARCH_PATHS = (
					"$(inherited)",
					"$(PROJECT_DIR)",
				);
				INFOPLIST_FILE = "sample-runUITests/Info.plist";
				LD_RUNPATH_SEARCH_PATHS = "$(inherited) @executable_path/Frameworks @loader_path/Frameworks";
				PRODUCT_BUNDLE_IDENTIFIER = "com.paytabs.sample-runUITests";
				PRODUCT_NAME = "$(TARGET_NAME)";
				SWIFT_VERSION = 4.0;
				TARGETED_DEVICE_FAMILY = "1,2";
				TEST_TARGET_NAME = "sample-run";
			};
			name = Release;
		};
/* End XCBuildConfiguration section */

/* Begin XCConfigurationList section */
		5F8187B71F8669C90056F116 /* Build configuration list for PBXProject "sample-run" */ = {
			isa = XCConfigurationList;
			buildConfigurations = (
				5F8187E21F8669CA0056F116 /* Debug */,
				5F8187E31F8669CA0056F116 /* Release */,
			);
			defaultConfigurationIsVisible = 0;
			defaultConfigurationName = Release;
		};
		5F8187E41F8669CA0056F116 /* Build configuration list for PBXNativeTarget "sample-run" */ = {
			isa = XCConfigurationList;
			buildConfigurations = (
				5F8187E51F8669CA0056F116 /* Debug */,
				5F8187E61F8669CA0056F116 /* Release */,
			);
			defaultConfigurationIsVisible = 0;
			defaultConfigurationName = Release;
		};
		5F8187E71F8669CA0056F116 /* Build configuration list for PBXNativeTarget "sample-runTests" */ = {
			isa = XCConfigurationList;
			buildConfigurations = (
				5F8187E81F8669CA0056F116 /* Debug */,
				5F8187E91F8669CA0056F116 /* Release */,
			);
			defaultConfigurationIsVisible = 0;
			defaultConfigurationName = Release;
		};
		5F8187EA1F8669CA0056F116 /* Build configuration list for PBXNativeTarget "sample-runUITests" */ = {
			isa = XCConfigurationList;
			buildConfigurations = (
				5F8187EB1F8669CA0056F116 /* Debug */,
				5F8187EC1F8669CA0056F116 /* Release */,
			);
			defaultConfigurationIsVisible = 0;
			defaultConfigurationName = Release;
		};
/* End XCConfigurationList section */
	};
	rootObject = 5F8187B41F8669C90056F116 /* Project object */;
}
