PODS:
  - AFNetworking (3.2.1):
    - AFNetworking/NSURLSession (= 3.2.1)
    - AFNetworking/Reachability (= 3.2.1)
    - AFNetworking/Security (= 3.2.1)
    - AFNetworking/Serialization (= 3.2.1)
    - AFNetworking/UIKit (= 3.2.1)
  - AFNetworking/NSURLSession (3.2.1):
    - AFNetworking/Reachability
    - AFNetworking/Security
    - AFNetworking/Serialization
  - AFNetworking/Reachability (3.2.1)
  - AFNetworking/Security (3.2.1)
  - AFNetworking/Serialization (3.2.1)
  - AFNetworking/UIKit (3.2.1):
    - AFNetworking/NSURLSession
  - BIObjCHelpers (0.4.3)
  - IQKeyboardManager (4.0.13)
  - Lockbox (3.0.6)
  - Mantle (2.1.0):
    - Mantle/extobjc (= 2.1.0)
  - Mantle/extobjc (2.1.0)
  - MBProgressHUD (1.1.0)
  - PINCache (2.3)
  - Reachability (3.2)
  - SBJson (5.0.0)

DEPENDENCIES:
  - AFNetworking
  - BIObjCHelpers
  - IQKeyboardManager (~> 4.0.2)
  - Lockbox
  - Mantle
  - MBProgressHUD (~> 1.1.0)
  - PINCache
  - Reachability
  - SBJson

SPEC REPOS:
  https://github.com/cocoapods/specs.git:
    - AFNetworking
    - BIObjCHelpers
    - IQKeyboardManager
    - Lockbox
    - Mantle
    - MBProgressHUD
    - PINCache
    - Reachability
    - SBJson

SPEC CHECKSUMS:
  AFNetworking: b6f891fdfaed196b46c7a83cf209e09697b94057
  BIObjCHelpers: 378672b0f9309e4d2cbd4cabfb3afbe1ce225e40
  IQKeyboardManager: 8eab4d8111418414619d1df8e4779ce5d0f8d7e2
  Lockbox: 4291a0b8b1aed35474881c4e592961dec3ca695e
  Mantle: 2fa750afa478cd625a94230fbf1c13462f29395b
  MBProgressHUD: e7baa36a220447d8aeb12769bf0585582f3866d9
  PINCache: ce36ed282031b92fc7733ffe831f474ff80fddc2
  Reachability: 33e18b67625424e47b6cde6d202dce689ad7af96
  SBJson: 73c848dc34be51fda282fab12bda6c426f5ead08

PODFILE CHECKSUM: 99fddd189c596cedc7be531d26e5b3bdfe48f535

COCOAPODS: 1.7.5
